Microsoft Visual Studio Solution File, Format Version 12.00
# Visual Studio Version 18
VisualStudioVersion = 18.5.11723.231 stable
MinimumVisualStudioVersion = 10.0.40219.1
Project("{FAE04EC0-301F-11D3-BF4B-00C04F79EFBC}") = "SeaBattle.WinForms", "SeaBattle.WinForms\SeaBattle.WinForms.csproj", "{78E8FD95-AC54-488B-9643-52989D311A95}"
EndProject
Project("{FAE04EC0-301F-11D3-BF4B-00C04F79EFBC}") = "SeaBattle.Server", "SeaBattle.Server\SeaBattle.Server.csproj", "{9F6A714F-1F63-46D1-9040-19B5E5D6E442}"
EndProject
Global
	GlobalSection(SolutionConfigurationPlatforms) = preSolution
		Debug|Any CPU = Debug|Any CPU
		Release|Any CPU = Release|Any CPU
	EndGlobalSection
	GlobalSection(ProjectConfigurationPlatforms) = postSolution
		{78E8FD95-AC54-488B-9643-52989D311A95}.Debug|Any CPU.ActiveCfg = Debug|Any CPU
		{78E8FD95-AC54-488B-9643-52989D311A95}.Debug|Any CPU.Build.0 = Debug|Any CPU
		{78E8FD95-AC54-488B-9643-52989D311A95}.Release|Any CPU.ActiveCfg = Release|Any CPU
		{78E8FD95-AC54-488B-9643-52989D311A95}.Release|Any CPU.Build.0 = Release|Any CPU
		{9F6A714F-1F63-46D1-9040-19B5E5D6E442}.Debug|Any CPU.ActiveCfg = Debug|Any CPU
		{9F6A714F-1F63-46D1-9040-19B5E5D6E442}.Debug|Any CPU.Build.0 = Debug|Any CPU
		{9F6A714F-1F63-46D1-9040-19B5E5D6E442}.Release|Any CPU.ActiveCfg = Release|Any CPU
		{9F6A714F-1F63-46D1-9040-19B5E5D6E442}.Release|Any CPU.Build.0 = Release|Any CPU
	EndGlobalSection
	GlobalSection(SolutionProperties) = preSolution
		HideSolutionNode = FALSE
	EndGlobalSection
EndGlobal
